<?xml version="1.0" encoding="utf-8"?>
<Project ToolsVersion="4.0" xmlns="http://schemas.microsoft.com/developer/msbuild/2003">
  <ItemGroup>
    <Filter Include="Iex">
      <UniqueIdentifier>{51a2a4dc-09eb-46de-b8a5-20d8ea0a35ac}</UniqueIdentifier>
    </Filter>
    <Filter Include="IexMath">
      <UniqueIdentifier>{fe6c3bfc-8a89-4cc1-95aa-6e956a90959b}</UniqueIdentifier>
    </Filter>
    <Filter Include="IlmThread">
      <UniqueIdentifier>{aa94bd89-bcbd-41d7-a79d-0dbd53c70136}</UniqueIdentifier>
    </Filter>
    <Filter Include="Half">
      <UniqueIdentifier>{49a823a5-39f2-41a6-a8ba-1d9f7b3f0ec0}</UniqueIdentifier>
    </Filter>
    <Filter Include="IMath">
      <UniqueIdentifier>{76fa76bd-0328-41a4-bbf0-b0c6567f7133}</UniqueIdentifier>
    </Filter>
    <Filter Include="OpenEXR">
      <UniqueIdentifier>{306a3f0e-def4-45d1-b101-276cca561cb6}</UniqueIdentifier>
    </Filter>
  </ItemGroup>
  <ItemGroup>
    <ClInclude Include="..\..\..\openexr\IlmBase\config.windows\IlmBaseConfig.h" />
    <ClInclude Include="..\..\..\openexr\IlmBase\Half\half.h" />
    <ClInclude Include="..\..\..\openexr\IlmBase\Half\halfExport.h" />
    <ClInclude Include="..\..\..\openexr\IlmBase\Half\halfFunction.h" />
    <ClInclude Include="..\..\..\openexr\IlmBase\Half\halfLimits.h" />
    <ClInclude Include="..\..\..\openexr\IlmBase\IexMath\IexMathFloatExc.h" />
    <ClInclude Include="..\..\..\openexr\IlmBase\IexMath\IexMathFpu.h" />
    <ClInclude Include="..\..\..\openexr\IlmBase\IexMath\IexMathIeeeExc.h" />
    <ClInclude Include="..\..\..\openexr\IlmBase\Iex\Iex.h" />
    <ClInclude Include="..\..\..\openexr\IlmBase\Iex\IexBaseExc.h" />
    <ClInclude Include="..\..\..\openexr\IlmBase\Iex\IexErrnoExc.h" />
    <ClInclude Include="..\..\..\openexr\IlmBase\Iex\IexExport.h" />
    <ClInclude Include="..\..\..\openexr\IlmBase\Iex\IexForward.h" />
    <ClInclude Include="..\..\..\openexr\IlmBase\Iex\IexMacros.h" />
    <ClInclude Include="..\..\..\openexr\IlmBase\Iex\IexMathExc.h" />
    <ClInclude Include="..\..\..\openexr\IlmBase\Iex\IexNamespace.h" />
    <ClInclude Include="..\..\..\openexr\IlmBase\Iex\IexThrowErrnoExc.h" />
    <ClInclude Include="..\..\..\openexr\IlmBase\IlmThread\IlmThread.h" />
    <ClInclude Include="..\..\..\openexr\IlmBase\IlmThread\IlmThreadExport.h" />
    <ClInclude Include="..\..\..\openexr\IlmBase\IlmThread\IlmThreadForward.h" />
    <ClInclude Include="..\..\..\openexr\IlmBase\IlmThread\IlmThreadMutex.h" />
    <ClInclude Include="..\..\..\openexr\IlmBase\IlmThread\IlmThreadNamespace.h" />
    <ClInclude Include="..\..\..\openexr\IlmBase\IlmThread\IlmThreadPool.h" />
    <ClInclude Include="..\..\..\openexr\IlmBase\IlmThread\IlmThreadSemaphore.h" />
    <ClInclude Include="..\..\..\openexr\IlmBase\Imath\ImathBox.h" />
    <ClInclude Include="..\..\..\openexr\IlmBase\Imath\ImathBoxAlgo.h" />
    <ClInclude Include="..\..\..\openexr\IlmBase\Imath\ImathColor.h" />
    <ClInclude Include="..\..\..\openexr\IlmBase\Imath\ImathColorAlgo.h" />
    <ClInclude Include="..\..\..\openexr\IlmBase\Imath\ImathEuler.h" />
    <ClInclude Include="..\..\..\openexr\IlmBase\Imath\ImathExc.h" />
    <ClInclude Include="..\..\..\openexr\IlmBase\Imath\ImathExport.h" />
    <ClInclude Include="..\..\..\openexr\IlmBase\Imath\ImathForward.h" />
    <ClInclude Include="..\..\..\openexr\IlmBase\Imath\ImathFrame.h" />
    <ClInclude Include="..\..\..\openexr\IlmBase\Imath\ImathFrustum.h" />
    <ClInclude Include="..\..\..\openexr\IlmBase\Imath\ImathFrustumTest.h" />
    <ClInclude Include="..\..\..\openexr\IlmBase\Imath\ImathFun.h" />
    <ClInclude Include="..\..\..\openexr\IlmBase\Imath\ImathGL.h" />
    <ClInclude Include="..\..\..\openexr\IlmBase\Imath\ImathGLU.h" />
    <ClInclude Include="..\..\..\openexr\IlmBase\Imath\ImathHalfLimits.h" />
    <ClInclude Include="..\..\..\openexr\IlmBase\Imath\ImathInt64.h" />
    <ClInclude Include="..\..\..\openexr\IlmBase\Imath\ImathInterval.h" />
    <ClInclude Include="..\..\..\openexr\IlmBase\Imath\ImathLimits.h" />
    <ClInclude Include="..\..\..\openexr\IlmBase\Imath\ImathLine.h" />
    <ClInclude Include="..\..\..\openexr\IlmBase\Imath\ImathLineAlgo.h" />
    <ClInclude Include="..\..\..\openexr\IlmBase\Imath\ImathMath.h" />
    <ClInclude Include="..\..\..\openexr\IlmBase\Imath\ImathMatrix.h" />
    <ClInclude Include="..\..\..\openexr\IlmBase\Imath\ImathMatrixAlgo.h" />
    <ClInclude Include="..\..\..\openexr\IlmBase\Imath\ImathNamespace.h" />
    <ClInclude Include="..\..\..\openexr\IlmBase\Imath\ImathPlane.h" />
    <ClInclude Include="..\..\..\openexr\IlmBase\Imath\ImathPlatform.h" />
    <ClInclude Include="..\..\..\openexr\IlmBase\Imath\ImathQuat.h" />
    <ClInclude Include="..\..\..\openexr\IlmBase\Imath\ImathRandom.h" />
    <ClInclude Include="..\..\..\openexr\IlmBase\Imath\ImathRoots.h" />
    <ClInclude Include="..\..\..\openexr\IlmBase\Imath\ImathShear.h" />
    <ClInclude Include="..\..\..\openexr\IlmBase\Imath\ImathSphere.h" />
    <ClInclude Include="..\..\..\openexr\IlmBase\Imath\ImathVec.h" />
    <ClInclude Include="..\..\..\openexr\IlmBase\Imath\ImathVecAlgo.h" />
  </ItemGroup>
  <ItemGroup>
    <ClCompile Include="..\..\..\openexr\IlmBase\Half\eLut.cpp" />
    <ClCompile Include="..\..\..\openexr\IlmBase\Half\half.cpp" />
    <ClCompile Include="..\..\..\openexr\IlmBase\Half\toFloat.cpp" />
    <ClCompile Include="..\..\..\openexr\IlmBase\IexMath\IexMathFloatExc.cpp" />
    <ClCompile Include="..\..\..\openexr\IlmBase\IexMath\IexMathFpu.cpp" />
    <ClCompile Include="..\..\..\openexr\IlmBase\Iex\IexBaseExc.cpp" />
    <ClCompile Include="..\..\..\openexr\IlmBase\Iex\IexThrowErrnoExc.cpp" />
    <ClCompile Include="..\..\..\openexr\IlmBase\IlmThread\IlmThread.cpp" />
    <ClCompile Include="..\..\..\openexr\IlmBase\IlmThread\IlmThreadMutex.cpp" />
    <ClCompile Include="..\..\..\openexr\IlmBase\IlmThread\IlmThreadMutexPosix.cpp" />
    <ClCompile Include="..\..\..\openexr\IlmBase\IlmThread\IlmThreadMutexWin32.cpp" />
    <ClCompile Include="..\..\..\openexr\IlmBase\IlmThread\IlmThreadPool.cpp" />
    <ClCompile Include="..\..\..\openexr\IlmBase\IlmThread\IlmThreadPosix.cpp" />
    <ClCompile Include="..\..\..\openexr\IlmBase\IlmThread\IlmThreadSemaphore.cpp" />
    <ClCompile Include="..\..\..\openexr\IlmBase\IlmThread\IlmThreadSemaphorePosix.cpp" />
    <ClCompile Include="..\..\..\openexr\IlmBase\IlmThread\IlmThreadSemaphorePosixCompat.cpp" />
    <ClCompile Include="..\..\..\openexr\IlmBase\IlmThread\IlmThreadSemaphoreWin32.cpp" />
    <ClCompile Include="..\..\..\openexr\IlmBase\IlmThread\IlmThreadWin32.cpp" />
    <ClCompile Include="..\..\..\openexr\IlmBase\Imath\ImathBox.cpp" />
    <ClCompile Include="..\..\..\openexr\IlmBase\Imath\ImathColorAlgo.cpp" />
    <ClCompile Include="..\..\..\openexr\IlmBase\Imath\ImathFun.cpp" />
    <ClCompile Include="..\..\..\openexr\IlmBase\Imath\ImathMatrixAlgo.cpp" />
    <ClCompile Include="..\..\..\openexr\IlmBase\Imath\ImathRandom.cpp" />
    <ClCompile Include="..\..\..\openexr\IlmBase\Imath\ImathShear.cpp" />
    <ClCompile Include="..\..\..\openexr\IlmBase\Imath\ImathVec.cpp" />
    <ClCompile Include="..\..\..\openexr\OpenEXR\IlmImf\ImfTiledInputFile.cpp">
      <Filter>OpenEXR</Filter>
    </ClCompile>
    <ClCompile Include="..\..\..\openexr\OpenEXR\IlmImf\ImfTiledInputPart.cpp">
      <Filter>OpenEXR</Filter>
    </ClCompile>
    <ClCompile Include="..\..\..\openexr\OpenEXR\IlmImf\ImfTiledMisc.cpp">
      <Filter>OpenEXR</Filter>
    </ClCompile>
    <ClCompile Include="..\..\..\openexr\OpenEXR\IlmImf\ImfTiledOutputFile.cpp">
      <Filter>OpenEXR</Filter>
    </ClCompile>
    <ClCompile Include="..\..\..\openexr\OpenEXR\IlmImf\ImfTiledOutputPart.cpp">
      <Filter>OpenEXR</Filter>
    </ClCompile>
    <ClCompile Include="..\..\..\openexr\OpenEXR\IlmImf\ImfTiledRgbaFile.cpp">
      <Filter>OpenEXR</Filter>
    </ClCompile>
    <ClCompile Include="..\..\..\openexr\OpenEXR\IlmImf\ImfTileOffsets.cpp">
      <Filter>OpenEXR</Filter>
    </ClCompile>
    <ClCompile Include="..\..\..\openexr\OpenEXR\IlmImf\ImfTimeCode.cpp">
      <Filter>OpenEXR</Filter>
    </ClCompile>
    <ClCompile Include="..\..\..\openexr\OpenEXR\IlmImf\ImfTimeCodeAttribute.cpp">
      <Filter>OpenEXR</Filter>
    </ClCompile>
    <ClCompile Include="..\..\..\openexr\OpenEXR\IlmImf\ImfVecAttribute.cpp">
      <Filter>OpenEXR</Filter>
    </ClCompile>
    <ClCompile Include="..\..\..\openexr\OpenEXR\IlmImf\ImfVersion.cpp">
      <Filter>OpenEXR</Filter>
    </ClCompile>
    <ClCompile Include="..\..\..\openexr\OpenEXR\IlmImf\ImfWav.cpp">
      <Filter>OpenEXR</Filter>
    </ClCompile>
    <ClCompile Include="..\..\..\openexr\OpenEXR\IlmImf\ImfZip.cpp">
      <Filter>OpenEXR</Filter>
    </ClCompile>
    <ClCompile Include="..\..\..\openexr\OpenEXR\IlmImf\ImfZipCompressor.cpp">
      <Filter>OpenEXR</Filter>
    </ClCompile>
    <ClCompile Include="..\..\..\openexr\OpenEXR\IlmImf\b44ExpLogTable.cpp">
      <Filter>OpenEXR</Filter>
    </ClCompile>
    <ClCompile Include="..\..\..\openexr\OpenEXR\IlmImf\dwaLookups.cpp">
      <Filter>OpenEXR</Filter>
    </ClCompile>
    <ClCompile Include="..\..\..\openexr\OpenEXR\IlmImf\ImfAcesFile.cpp">
      <Filter>OpenEXR</Filter>
    </ClCompile>
    <ClCompile Include="..\..\..\openexr\OpenEXR\IlmImf\ImfAttribute.cpp">
      <Filter>OpenEXR</Filter>
    </ClCompile>
    <ClCompile Include="..\..\..\openexr\OpenEXR\IlmImf\ImfB44Compressor.cpp">
      <Filter>OpenEXR</Filter>
    </ClCompile>
    <ClCompile Include="..\..\..\openexr\OpenEXR\IlmImf\ImfBoxAttribute.cpp">
      <Filter>OpenEXR</Filter>
    </ClCompile>
    <ClCompile Include="..\..\..\openexr\OpenEXR\IlmImf\ImfChannelList.cpp">
      <Filter>OpenEXR</Filter>
    </ClCompile>
    <ClCompile Include="..\..\..\openexr\OpenEXR\IlmImf\ImfChannelListAttribute.cpp">
      <Filter>OpenEXR</Filter>
    </ClCompile>
    <ClCompile Include="..\..\..\openexr\OpenEXR\IlmImf\ImfChromaticities.cpp">
      <Filter>OpenEXR</Filter>
    </ClCompile>
    <ClCompile Include="..\..\..\openexr\OpenEXR\IlmImf\ImfChromaticitiesAttribute.cpp">
      <Filter>OpenEXR</Filter>
    </ClCompile>
    <ClCompile Include="..\..\..\openexr\OpenEXR\IlmImf\ImfCompositeDeepScanLine.cpp">
      <Filter>OpenEXR</Filter>
    </ClCompile>
    <ClCompile Include="..\..\..\openexr\OpenEXR\IlmImf\ImfCompressionAttribute.cpp">
      <Filter>OpenEXR</Filter>
    </ClCompile>
    <ClCompile Include="..\..\..\openexr\OpenEXR\IlmImf\ImfCompressor.cpp">
      <Filter>OpenEXR</Filter>
    </ClCompile>
    <ClCompile Include="..\..\..\openexr\OpenEXR\IlmImf\ImfConvert.cpp">
      <Filter>OpenEXR</Filter>
    </ClCompile>
    <ClCompile Include="..\..\..\openexr\OpenEXR\IlmImf\ImfCRgbaFile.cpp">
      <Filter>OpenEXR</Filter>
    </ClCompile>
    <ClCompile Include="..\..\..\openexr\OpenEXR\IlmImf\ImfDeepCompositing.cpp">
      <Filter>OpenEXR</Filter>
    </ClCompile>
    <ClCompile Include="..\..\..\openexr\OpenEXR\IlmImf\ImfDeepFrameBuffer.cpp">
      <Filter>OpenEXR</Filter>
    </ClCompile>
    <ClCompile Include="..\..\..\openexr\OpenEXR\IlmImf\ImfDeepImageStateAttribute.cpp">
      <Filter>OpenEXR</Filter>
    </ClCompile>
    <ClCompile Include="..\..\..\openexr\OpenEXR\IlmImf\ImfDeepScanLineInputFile.cpp">
      <Filter>OpenEXR</Filter>
    </ClCompile>
    <ClCompile Include="..\..\..\openexr\OpenEXR\IlmImf\ImfDeepScanLineInputPart.cpp">
      <Filter>OpenEXR</Filter>
    </ClCompile>
    <ClCompile Include="..\..\..\openexr\OpenEXR\IlmImf\ImfDeepScanLineOutputFile.cpp">
      <Filter>OpenEXR</Filter>
    </ClCompile>
    <ClCompile Include="..\..\..\openexr\OpenEXR\IlmImf\ImfDeepScanLineOutputPart.cpp">
      <Filter>OpenEXR</Filter>
    </ClCompile>
    <ClCompile Include="..\..\..\openexr\OpenEXR\IlmImf\ImfDeepTiledInputFile.cpp">
      <Filter>OpenEXR</Filter>
    </ClCompile>
    <ClCompile Include="..\..\..\openexr\OpenEXR\IlmImf\ImfDeepTiledInputPart.cpp">
      <Filter>OpenEXR</Filter>
    </ClCompile>
    <ClCompile Include="..\..\..\openexr\OpenEXR\IlmImf\ImfDeepTiledOutputFile.cpp">
      <Filter>OpenEXR</Filter>
    </ClCompile>
    <ClCompile Include="..\..\..\openexr\OpenEXR\IlmImf\ImfDeepTiledOutputPart.cpp">
      <Filter>OpenEXR</Filter>
    </ClCompile>
    <ClCompile Include="..\..\..\openexr\OpenEXR\IlmImf\ImfDoubleAttribute.cpp">
      <Filter>OpenEXR</Filter>
    </ClCompile>
    <ClCompile Include="..\..\..\openexr\OpenEXR\IlmImf\ImfDwaCompressor.cpp">
      <Filter>OpenEXR</Filter>
    </ClCompile>
    <ClCompile Include="..\..\..\openexr\OpenEXR\IlmImf\ImfEnvmap.cpp">
      <Filter>OpenEXR</Filter>
    </ClCompile>
    <ClCompile Include="..\..\..\openexr\OpenEXR\IlmImf\ImfEnvmapAttribute.cpp">
      <Filter>OpenEXR</Filter>
    </ClCompile>
    <ClCompile Include="..\..\..\openexr\OpenEXR\IlmImf\ImfFastHuf.cpp">
      <Filter>OpenEXR</Filter>
    </ClCompile>
    <ClCompile Include="..\..\..\openexr\OpenEXR\IlmImf\ImfFloatAttribute.cpp">
      <Filter>OpenEXR</Filter>
    </ClCompile>
    <ClCompile Include="..\..\..\openexr\OpenEXR\IlmImf\ImfFloatVectorAttribute.cpp">
      <Filter>OpenEXR</Filter>
    </ClCompile>
    <ClCompile Include="..\..\..\openexr\OpenEXR\IlmImf\ImfFrameBuffer.cpp">
      <Filter>OpenEXR</Filter>
    </ClCompile>
    <ClCompile Include="..\..\..\openexr\OpenEXR\IlmImf\ImfFramesPerSecond.cpp">
      <Filter>OpenEXR</Filter>
    </ClCompile>
    <ClCompile Include="..\..\..\openexr\OpenEXR\IlmImf\ImfGenericInputFile.cpp">
      <Filter>OpenEXR</Filter>
    </ClCompile>
    <ClCompile Include="..\..\..\openexr\OpenEXR\IlmImf\ImfGenericOutputFile.cpp">
      <Filter>OpenEXR</Filter>
    </ClCompile>
    <ClCompile Include="..\..\..\openexr\OpenEXR\IlmImf\ImfHeader.cpp">
      <Filter>OpenEXR</Filter>
    </ClCompile>
    <ClCompile Include="..\..\..\openexr\OpenEXR\IlmImf\ImfHuf.cpp">
      <Filter>OpenEXR</Filter>
    </ClCompile>
    <ClCompile Include="..\..\..\openexr\OpenEXR\IlmImf\ImfInputFile.cpp">
      <Filter>OpenEXR</Filter>
    </ClCompile>
    <ClCompile Include="..\..\..\openexr\OpenEXR\IlmImf\ImfInputPart.cpp">
      <Filter>OpenEXR</Filter>
    </ClCompile>
    <ClCompile Include="..\..\..\openexr\OpenEXR\IlmImf\ImfInputPartData.cpp">
      <Filter>OpenEXR</Filter>
    </ClCompile>
    <ClCompile Include="..\..\..\openexr\OpenEXR\IlmImf\ImfIntAttribute.cpp">
      <Filter>OpenEXR</Filter>
    </ClCompile>
    <ClCompile Include="..\..\..\openexr\OpenEXR\IlmImf\ImfIO.cpp">
      <Filter>OpenEXR</Filter>
    </ClCompile>
    <ClCompile Include="..\..\..\openexr\OpenEXR\IlmImf\ImfKeyCode.cpp">
      <Filter>OpenEXR</Filter>
    </ClCompile>
    <ClCompile Include="..\..\..\openexr\OpenEXR\IlmImf\ImfKeyCodeAttribute.cpp">
      <Filter>OpenEXR</Filter>
    </ClCompile>
    <ClCompile Include="..\..\..\openexr\OpenEXR\IlmImf\ImfLineOrderAttribute.cpp">
      <Filter>OpenEXR</Filter>
    </ClCompile>
    <ClCompile Include="..\..\..\openexr\OpenEXR\IlmImf\ImfLut.cpp">
      <Filter>OpenEXR</Filter>
    </ClCompile>
    <ClCompile Include="..\..\..\openexr\OpenEXR\IlmImf\ImfMatrixAttribute.cpp">
      <Filter>OpenEXR</Filter>
    </ClCompile>
    <ClCompile Include="..\..\..\openexr\OpenEXR\IlmImf\ImfMisc.cpp">
      <Filter>OpenEXR</Filter>
    </ClCompile>
    <ClCompile Include="..\..\..\openexr\OpenEXR\IlmImf\ImfMultiPartInputFile.cpp">
      <Filter>OpenEXR</Filter>
    </ClCompile>
    <ClCompile Include="..\..\..\openexr\OpenEXR\IlmImf\ImfMultiPartOutputFile.cpp">
      <Filter>OpenEXR</Filter>
    </ClCompile>
    <ClCompile Include="..\..\..\openexr\OpenEXR\IlmImf\ImfMultiView.cpp">
      <Filter>OpenEXR</Filter>
    </ClCompile>
    <ClCompile Include="..\..\..\openexr\OpenEXR\IlmImf\ImfOpaqueAttribute.cpp">
      <Filter>OpenEXR</Filter>
    </ClCompile>
    <ClCompile Include="..\..\..\openexr\OpenEXR\IlmImf\ImfOutputFile.cpp">
      <Filter>OpenEXR</Filter>
    </ClCompile>
    <ClCompile Include="..\..\..\openexr\OpenEXR\IlmImf\ImfOutputPart.cpp">
      <Filter>OpenEXR</Filter>
    </ClCompile>
    <ClCompile Include="..\..\..\openexr\OpenEXR\IlmImf\ImfOutputPartData.cpp">
      <Filter>OpenEXR</Filter>
    </ClCompile>
    <ClCompile Include="..\..\..\openexr\OpenEXR\IlmImf\ImfPartType.cpp">
      <Filter>OpenEXR</Filter>
    </ClCompile>
    <ClCompile Include="..\..\..\openexr\OpenEXR\IlmImf\ImfPizCompressor.cpp">
      <Filter>OpenEXR</Filter>
    </ClCompile>
    <ClCompile Include="..\..\..\openexr\OpenEXR\IlmImf\ImfPreviewImage.cpp">
      <Filter>OpenEXR</Filter>
    </ClCompile>
    <ClCompile Include="..\..\..\openexr\OpenEXR\IlmImf\ImfPreviewImageAttribute.cpp">
      <Filter>OpenEXR</Filter>
    </ClCompile>
    <ClCompile Include="..\..\..\openexr\OpenEXR\IlmImf\ImfPxr24Compressor.cpp">
      <Filter>OpenEXR</Filter>
    </ClCompile>
    <ClCompile Include="..\..\..\openexr\OpenEXR\IlmImf\ImfRational.cpp">
      <Filter>OpenEXR</Filter>
    </ClCompile>
    <ClCompile Include="..\..\..\openexr\OpenEXR\IlmImf\ImfRationalAttribute.cpp">
      <Filter>OpenEXR</Filter>
    </ClCompile>
    <ClCompile Include="..\..\..\openexr\OpenEXR\IlmImf\ImfRgbaFile.cpp">
      <Filter>OpenEXR</Filter>
    </ClCompile>
    <ClCompile Include="..\..\..\openexr\OpenEXR\IlmImf\ImfRgbaYca.cpp">
      <Filter>OpenEXR</Filter>
    </ClCompile>
    <ClCompile Include="..\..\..\openexr\OpenEXR\IlmImf\ImfRle.cpp">
      <Filter>OpenEXR</Filter>
    </ClCompile>
    <ClCompile Include="..\..\..\openexr\OpenEXR\IlmImf\ImfRleCompressor.cpp">
      <Filter>OpenEXR</Filter>
    </ClCompile>
    <ClCompile Include="..\..\..\openexr\OpenEXR\IlmImf\ImfScanLineInputFile.cpp">
      <Filter>OpenEXR</Filter>
    </ClCompile>
    <ClCompile Include="..\..\..\openexr\OpenEXR\IlmImf\ImfStandardAttributes.cpp">
      <Filter>OpenEXR</Filter>
    </ClCompile>
    <ClCompile Include="..\..\..\openexr\OpenEXR\IlmImf\ImfStdIO.cpp">
      <Filter>OpenEXR</Filter>
    </ClCompile>
    <ClCompile Include="..\..\..\openexr\OpenEXR\IlmImf\ImfStringAttribute.cpp">
      <Filter>OpenEXR</Filter>
    </ClCompile>
    <ClCompile Include="..\..\..\openexr\OpenEXR\IlmImf\ImfStringVectorAttribute.cpp">
      <Filter>OpenEXR</Filter>
    </ClCompile>
    <ClCompile Include="..\..\..\openexr\OpenEXR\IlmImf\ImfSystemSpecific.cpp">
      <Filter>OpenEXR</Filter>
    </ClCompile>
    <ClCompile Include="..\..\..\openexr\OpenEXR\IlmImf\ImfTestFile.cpp">
      <Filter>OpenEXR</Filter>
    </ClCompile>
    <ClCompile Include="..\..\..\openexr\OpenEXR\IlmImf\ImfThreading.cpp">
      <Filter>OpenEXR</Filter>
    </ClCompile>
    <ClCompile Include="..\..\..\openexr\OpenEXR\IlmImf\ImfTileDescriptionAttribute.cpp">
      <Filter>OpenEXR</Filter>
    </ClCompile>
  </ItemGroup>
</Project>